
Microsoft Visual Studio Solution File, Format Version 12.00
# Visual Studio Version 16
VisualStudioVersion = 16.0.32228.343
MinimumVisualStudioVersion = 10.0.40219.1
Project("{FAE04EC0-301F-11D3-BF4B-00C04F79EFBC}") = "Kantor_web2", "Kantor_web2.csproj", "{0E8279F6-FB41-4A1A-9BBF-D573D0F0CA65}"
EndProject
Global
	GlobalSection(SolutionConfigurationPlatforms) = preSolution
		Debug|Any CPU = Debug|Any CPU
		Release|Any CPU = Release|Any CPU
	EndGlobalSection
	GlobalSection(ProjectConfigurationPlatforms) = postSolution
		{0E8279F6-FB41-4A1A-9BBF-D573D0F0CA65}.Debug|Any CPU.ActiveCfg = Debug|Any CPU
		{0E8279F6-FB41-4A1A-9BBF-D573D0F0CA65}.Debug|Any CPU.Build.0 = Debug|Any CPU
		{0E8279F6-FB41-4A1A-9BBF-D573D0F0CA65}.Release|Any CPU.ActiveCfg = Release|Any CPU
		{0E8279F6-FB41-4A1A-9BBF-D573D0F0CA65}.Release|Any CPU.Build.0 = Release|Any CPU
	EndGlobalSection
	GlobalSection(SolutionProperties) = preSolution
		HideSolutionNode = FALSE
	EndGlobalSection
	GlobalSection(ExtensibilityGlobals) = postSolution
		SolutionGuid = {B269E422-B7E4-48FF-880E-551605761123}
	EndGlobalSection
EndGlobal
