
Microsoft Visual Studio Solution File, Format Version 12.00
# Visual Studio Version 16
VisualStudioVersion = 16.0.32228.343
MinimumVisualStudioVersion = 10.0.40219.1
Project("{9A19103F-16F7-4668-BE54-9A1E7A4F7556}") = "UnitTest_Mock", "UnitTest_Mock\UnitTest_Mock.csproj", "{38B68C1D-EE26-4EC4-B000-BAD92202953A}"
EndProject
Project("{FAE04EC0-301F-11D3-BF4B-00C04F79EFBC}") = "UnitTesting", "UnitTesting\UnitTesting.csproj", "{FD983D55-DB34-4176-8CBB-FC99DAB42737}"
EndProject
Global
	GlobalSection(SolutionConfigurationPlatforms) = preSolution
		Debug|Any CPU = Debug|Any CPU
		Release|Any CPU = Release|Any CPU
	EndGlobalSection
	GlobalSection(ProjectConfigurationPlatforms) = postSolution
		{38B68C1D-EE26-4EC4-B000-BAD92202953A}.Debug|Any CPU.ActiveCfg = Debug|Any CPU
		{38B68C1D-EE26-4EC4-B000-BAD92202953A}.Debug|Any CPU.Build.0 = Debug|Any CPU
		{38B68C1D-EE26-4EC4-B000-BAD92202953A}.Release|Any CPU.ActiveCfg = Release|Any CPU
		{38B68C1D-EE26-4EC4-B000-BAD92202953A}.Release|Any CPU.Build.0 = Release|Any CPU
		{FD983D55-DB34-4176-8CBB-FC99DAB42737}.Debug|Any CPU.ActiveCfg = Debug|Any CPU
		{FD983D55-DB34-4176-8CBB-FC99DAB42737}.Debug|Any CPU.Build.0 = Debug|Any CPU
		{FD983D55-DB34-4176-8CBB-FC99DAB42737}.Release|Any CPU.ActiveCfg = Release|Any CPU
		{FD983D55-DB34-4176-8CBB-FC99DAB42737}.Release|Any CPU.Build.0 = Release|Any CPU
	EndGlobalSection
	GlobalSection(SolutionProperties) = preSolution
		HideSolutionNode = FALSE
	EndGlobalSection
	GlobalSection(ExtensibilityGlobals) = postSolution
		SolutionGuid = {73DEA1BC-84FC-4EB5-9554-5F6C63D22533}
	EndGlobalSection
EndGlobal
