
Microsoft Visual Studio Solution File, Format Version 12.00
# Visual Studio 15
VisualStudioVersion = 15.0.28307.1000
MinimumVisualStudioVersion = 10.0.40219.1
Project("{FAE04EC0-301F-11D3-BF4B-00C04F79EFBC}") = "kosong1", "kosong1\kosong1.csproj", "{38AA2494-B5D2-42F7-91B1-0EF2507CE485}"
EndProject
Global
	GlobalSection(SolutionConfigurationPlatforms) = preSolution
		Debug|Any CPU = Debug|Any CPU
		Release|Any CPU = Release|Any CPU
	EndGlobalSection
	GlobalSection(ProjectConfigurationPlatforms) = postSolution
		{38AA2494-B5D2-42F7-91B1-0EF2507CE485}.Debug|Any CPU.ActiveCfg = Debug|Any CPU
		{38AA2494-B5D2-42F7-91B1-0EF2507CE485}.Debug|Any CPU.Build.0 = Debug|Any CPU
		{38AA2494-B5D2-42F7-91B1-0EF2507CE485}.Release|Any CPU.ActiveCfg = Release|Any CPU
		{38AA2494-B5D2-42F7-91B1-0EF2507CE485}.Release|Any CPU.Build.0 = Release|Any CPU
	EndGlobalSection
	GlobalSection(SolutionProperties) = preSolution
		HideSolutionNode = FALSE
	EndGlobalSection
	GlobalSection(ExtensibilityGlobals) = postSolution
		SolutionGuid = {00CEC8A5-94C8-4A0C-A23E-F7D024CC9136}
	EndGlobalSection
EndGlobal
